schema: '2.0'
stages:
  data_ingestion:
    cmd: python3 src/data/data_ingestion.py
    deps:
    - path: src/data/data_ingestion.py
      hash: md5
      md5: 63e3d032b5e4fa4953f1e0fc78fb9082
      size: 3323
    params:
      params.yaml:
        data_ingestion.test_size: 0.25
    outs:
    - path: data/raw
      hash: md5
      md5: 653ee72ed1467522e9cdc4960b04192f.dir
      size: 648741
      nfiles: 2
  data_preprocessing:
    cmd: python3 src/data/data_preprocessing.py
    deps:
    - path: data/raw
      hash: md5
      md5: 653ee72ed1467522e9cdc4960b04192f.dir
      size: 648741
      nfiles: 2
    - path: src/data/data_preprocessing.py
      hash: md5
      md5: 6440b8964014794729b61df881c49d84
      size: 2843
    outs:
    - path: data/interim
      hash: md5
      md5: d7c9af6d07a822d9e75ac5664f8a7bd8.dir
      size: 400671
      nfiles: 2
  feature_engineering:
    cmd: python3 src/features/feature_engineering.py
    deps:
    - path: data/interim
      hash: md5
      md5: d7c9af6d07a822d9e75ac5664f8a7bd8.dir
      size: 400671
      nfiles: 2
    - path: src/features/feature_engineering.py
      hash: md5
      md5: 48fda7431b1244285c609f876b5d61c0
      size: 3369
    params:
      params.yaml:
        feature_engineering.max_features: 40
    outs:
    - path: data/processed
      hash: md5
      md5: 942377e0c2f9a09fbbe5a78467115fec.dir
      size: 41321
      nfiles: 2
    - path: models/vectorizer.pkl
      hash: md5
      md5: cb45fff9d86dc0dfaff5e2d166554be4
      size: 92461
  model_building:
    cmd: python3 src/model/model_building.py
    deps:
    - path: data/processed
      hash: md5
      md5: 942377e0c2f9a09fbbe5a78467115fec.dir
      size: 41321
      nfiles: 2
    - path: src/model/model_building.py
      hash: md5
      md5: 3be7b7b46765916af3b6ba6b6742dcd3
      size: 1910
    outs:
    - path: models/model.pkl
      hash: md5
      md5: 1bf3b136c85da9fe1f9242eb5bedb543
      size: 1028
  model_evaluation:
    cmd: python3 src/model/model_evaluation.py
    deps:
    - path: models/model.pkl
      hash: md5
      md5: 1bf3b136c85da9fe1f9242eb5bedb543
      size: 1028
    - path: src/model/model_evaluation.py
      hash: md5
      md5: dae8cff8b2d1817550afb4851ee71aac
      size: 5629
    outs:
    - path: reports/experiment_info.json
      hash: md5
      md5: 183c96b6a1e7330cf80e5851039bd6d0
      size: 79
    - path: reports/metrics.json
      hash: md5
      md5: d9a67b00b17d1ccb6ae17ec33413e9d6
      size: 112
  model_registration:
    cmd: python3 src/model/register_model.py
    deps:
    - path: reports/experiment_info.json
      hash: md5
      md5: 183c96b6a1e7330cf80e5851039bd6d0
      size: 79
    - path: src/model/register_model.py
      hash: md5
      md5: 1b74a8b6828e0d833e3702ec0fe212c6
      size: 3256
